{
    "version": 3,
    "terraform_version": "0.9.6",
    "serial": 15,
    "lineage": "b0678dbd-93ea-4713-bf54-d7e7d3d84c3d",
    "modules": [
        {
            "path": [
                "root"
            ],
            "outputs": {
                "ebslogsofdev2": {
                    "sensitive": false,
                    "type": "string",
                    "value": "vol-0e0252079ac63ec32"
                },
                "id": {
                    "sensitive": false,
                    "type": "string",
                    "value": "eipalloc-50d8fc6a"
                },
                "ofdev2efslogs": {
                    "sensitive": false,
                    "type": "string",
                    "value": "fs-c723f06e"
                },
                "ofdev2efslogsDNS": {
                    "sensitive": false,
                    "type": "string",
                    "value": "fs-c723f06e.efs.us-west-2.amazonaws.com"
                },
                "public_ip": {
                    "sensitive": false,
                    "type": "string",
                    "value": "34.210.248.104"
                },
                "s3_bucket_arn": {
                    "sensitive": false,
                    "type": "string",
                    "value": "arn:aws:s3:::dummy.remotestate.net"
                }
            },
            "resources": {
                "aws_ebs_volume.ebslogsofdev2": {
                    "type": "aws_ebs_volume",
                    "depends_on": [],
                    "primary": {
                        "id": "vol-0e0252079ac63ec32",
                        "attributes": {
                            "availability_zone": "us-west-2a",
                            "encrypted": "false",
                            "id": "vol-0e0252079ac63ec32",
                            "size": "40",
                            "snapshot_id": "",
                            "tags.%": "1",
                            "tags.Name": "ebslogsofdev2",
                            "type": "gp2"
                        },
                        "meta": {},
                        "tainted": false
                    },
                    "deposed": [],
                    "provider": ""
                },
                "aws_efs_file_system.ofdev2efslogs": {
                    "type": "aws_efs_file_system",
                    "depends_on": [],
                    "primary": {
                        "id": "fs-c723f06e",
                        "attributes": {
                            "creation_token": "ofdev2-logs-efs",
                            "id": "fs-c723f06e",
                            "performance_mode": "generalPurpose",
                            "tags.%": "1",
                            "tags.Name": "ofdev2logsefs"
                        },
                        "meta": {},
                        "tainted": false
                    },
                    "deposed": [],
                    "provider": ""
                },
                "aws_efs_mount_target.alpha": {
                    "type": "aws_efs_mount_target",
                    "depends_on": [
                        "aws_efs_file_system.ofdev2efslogs"
                    ],
                    "primary": {
                        "id": "fsmt-32f72b9b",
                        "attributes": {
                            "dns_name": "fs-c723f06e.efs.us-west-2.amazonaws.com",
                            "file_system_id": "fs-c723f06e",
                            "id": "fsmt-32f72b9b",
                            "ip_address": "10.2.111.138",
                            "network_interface_id": "eni-9d36fe93",
                            "security_groups.#": "1",
                            "security_groups.3108623255": "sg-bac1ebc1",
                            "subnet_id": "subnet-a78150fc"
                        },
                        "meta": {},
                        "tainted": false
                    },
                    "deposed": [],
                    "provider": ""
                },
                "aws_efs_mount_target.beta": {
                    "type": "aws_efs_mount_target",
                    "depends_on": [
                        "aws_efs_file_system.ofdev2efslogs"
                    ],
                    "primary": {
                        "id": "fsmt-04f72bad",
                        "attributes": {
                            "dns_name": "fs-c723f06e.efs.us-west-2.amazonaws.com",
                            "file_system_id": "fs-c723f06e",
                            "id": "fsmt-04f72bad",
                            "ip_address": "10.2.54.251",
                            "network_interface_id": "eni-0fd8b125",
                            "security_groups.#": "1",
                            "security_groups.3108623255": "sg-bac1ebc1",
                            "subnet_id": "subnet-d47740b3"
                        },
                        "meta": {},
                        "tainted": false
                    },
                    "deposed": [],
                    "provider": ""
                },
                "aws_efs_mount_target.gamma": {
                    "type": "aws_efs_mount_target",
                    "depends_on": [
                        "aws_efs_file_system.ofdev2efslogs"
                    ],
                    "primary": {
                        "id": "fsmt-05f72bac",
                        "attributes": {
                            "dns_name": "fs-c723f06e.efs.us-west-2.amazonaws.com",
                            "file_system_id": "fs-c723f06e",
                            "id": "fsmt-05f72bac",
                            "ip_address": "10.2.9.145",
                            "network_interface_id": "eni-198d3b25",
                            "security_groups.#": "1",
                            "security_groups.3108623255": "sg-bac1ebc1",
                            "subnet_id": "subnet-caade283"
                        },
                        "meta": {},
                        "tainted": false
                    },
                    "deposed": [],
                    "provider": ""
                },
                "aws_eip.ofdev2": {
                    "type": "aws_eip",
                    "depends_on": [],
                    "primary": {
                        "id": "eipalloc-50d8fc6a",
                        "attributes": {
                            "association_id": "",
                            "domain": "vpc",
                            "id": "eipalloc-50d8fc6a",
                            "instance": "",
                            "network_interface": "",
                            "private_ip": "",
                            "public_ip": "34.210.248.104",
                            "vpc": "true"
                        },
                        "meta": {},
                        "tainted": false
                    },
                    "deposed": [],
                    "provider": ""
                },
                "aws_s3_bucket.remotestate": {
                    "type": "aws_s3_bucket",
                    "depends_on": [],
                    "primary": {
                        "id": "dummy.remotestate.net",
                        "attributes": {
                            "acceleration_status": "",
                            "acl": "private",
                            "arn": "arn:aws:s3:::dummy.remotestate.net",
                            "bucket": "dummy.remotestate.net",
                            "bucket_domain_name": "dummy.remotestate.net.s3.amazonaws.com",
                            "force_destroy": "false",
                            "hosted_zone_id": "Z3BJ6K6RIION7M",
                            "id": "dummy.remotestate.net",
                            "logging.#": "0",
                            "region": "us-west-2",
                            "request_payer": "BucketOwner",
                            "tags.%": "0",
                            "versioning.#": "1",
                            "versioning.0.enabled": "true",
                            "versioning.0.mfa_delete": "false",
                            "website.#": "0"
                        },
                        "meta": {},
                        "tainted": false
                    },
                    "deposed": [],
                    "provider": ""
                },
                "aws_volume_attachment.ebs_att": {
                    "type": "aws_volume_attachment",
                    "depends_on": [
                        "aws_ebs_volume.ebslogsofdev2"
                    ],
                    "primary": {
                        "id": "vai-3942042523",
                        "attributes": {
                            "device_name": "/dev/sdh",
                            "id": "vai-3942042523",
                            "instance_id": "i-04bea403c954e8eb3",
                            "volume_id": "vol-0e0252079ac63ec32"
                        },
                        "meta": {},
                        "tainted": false
                    },
                    "deposed": [],
                    "provider": ""
                }
            },
            "depends_on": []
        }
    ]
}
